schema: '2.0'
stages:
  load_data:
    cmd: python3 src/prepare_data.py --config=params.yaml
    deps:
    - path: data_given/online_shoppers_intention.csv
      md5: 5428f8d61fd65304b6ceb08a9bcefce2
      size: 1072063
    - path: src/get_data.py
      md5: 70ed25554be2d4ea3a9d699f8d9c2dc3
      size: 907
    - path: src/prepare_data.py
      md5: 7a324ab70f128f05786b9e8859aa4ecd
      size: 4709
    outs:
    - path: data/raw/raw_data.csv
      md5: c64c2a65b223ff162028860d29fedc99
      size: 1083916
  split_data:
    cmd: python3 src/split_data.py --config=params.yaml
    deps:
    - path: data/raw/raw_data.csv
      md5: c64c2a65b223ff162028860d29fedc99
      size: 1083916
    - path: src/get_data.py
      md5: 70ed25554be2d4ea3a9d699f8d9c2dc3
      size: 907
    - path: src/split_data.py
      md5: 77dc7876adc14f48cdc8c10fb5111391
      size: 1240
    outs:
    - path: data/processed/test_data.csv
      md5: 02e98dd60a2d4b6771fb2f7c5e6fb6b3
      size: 216482
    - path: data/processed/train_data.csv
      md5: 69dc648909db0d04f8bf85265f83e77d
      size: 860599
  train_and_evaluate:
    cmd: python3 src/train_and_evaluate.py --config=params.yaml
    deps:
    - path: src/get_data.py
      md5: 70ed25554be2d4ea3a9d699f8d9c2dc3
      size: 907
    - path: src/train_and_evaluate.py
      md5: 0c6365ed8052a5e43c61335983ac7442
      size: 5162
    params:
      params.yaml:
        estimators.n_estimators: 100
    outs:
    - path: report/scores.json
      md5: 0affeae23f9456864635a025646f4036
      size: 38
    - path: saved_models/best_model.joblib
      md5: c7648740f9fe6e9e90f7f64008e4a355
      size: 66
